
Microsoft Visual Studio Solution File, Format Version 12.00
# Visual Studio Version 17
VisualStudioVersion = 17.11.35327.3
MinimumVisualStudioVersion = 10.0.40219.1
Project("{FAE04EC0-301F-11D3-BF4B-00C04F79EFBC}") = "PRG282Project", "PRG282Project.csproj", "{000983C0-BC2F-44B3-AEF6-CE7D139847DB}"
EndProject
Global
	GlobalSection(SolutionConfigurationPlatforms) = preSolution
		Debug|Any CPU = Debug|Any CPU
		Release|Any CPU = Release|Any CPU
	EndGlobalSection
	GlobalSection(ProjectConfigurationPlatforms) = postSolution
		{000983C0-BC2F-44B3-AEF6-CE7D139847DB}.Debug|Any CPU.ActiveCfg = Debug|Any CPU
		{000983C0-BC2F-44B3-AEF6-CE7D139847DB}.Debug|Any CPU.Build.0 = Debug|Any CPU
		{000983C0-BC2F-44B3-AEF6-CE7D139847DB}.Release|Any CPU.ActiveCfg = Release|Any CPU
		{000983C0-BC2F-44B3-AEF6-CE7D139847DB}.Release|Any CPU.Build.0 = Release|Any CPU
	EndGlobalSection
	GlobalSection(SolutionProperties) = preSolution
		HideSolutionNode = FALSE
	EndGlobalSection
	GlobalSection(ExtensibilityGlobals) = postSolution
		SolutionGuid = {4ADD8D0F-8452-48A8-8221-5265999877AC}
	EndGlobalSection
EndGlobal
